
Microsoft Visual Studio Solution File, Format Version 12.00
# Visual Studio 15
VisualStudioVersion = 15.0.28010.2041
MinimumVisualStudioVersion = 10.0.40219.1
Project("{FAE04EC0-301F-11D3-BF4B-00C04F79EFBC}") = "EbchesterApi", "EbchesterApi\EbchesterApi.csproj", "{371A15B1-3BD0-4686-B0D8-2A5B2E3D2735}"
EndProject
Global
	GlobalSection(SolutionConfigurationPlatforms) = preSolution
		Debug|Any CPU = Debug|Any CPU
		Release|Any CPU = Release|Any CPU
	EndGlobalSection
	GlobalSection(ProjectConfigurationPlatforms) = postSolution
		{371A15B1-3BD0-4686-B0D8-2A5B2E3D2735}.Debug|Any CPU.ActiveCfg = Debug|Any CPU
		{371A15B1-3BD0-4686-B0D8-2A5B2E3D2735}.Debug|Any CPU.Build.0 = Debug|Any CPU
		{371A15B1-3BD0-4686-B0D8-2A5B2E3D2735}.Release|Any CPU.ActiveCfg = Release|Any CPU
		{371A15B1-3BD0-4686-B0D8-2A5B2E3D2735}.Release|Any CPU.Build.0 = Release|Any CPU
	EndGlobalSection
	GlobalSection(SolutionProperties) = preSolution
		HideSolutionNode = FALSE
	EndGlobalSection
	GlobalSection(ExtensibilityGlobals) = postSolution
		SolutionGuid = {143541D7-22E0-4042-8ACF-9D9C67B33E16}
	EndGlobalSection
EndGlobal
